
Microsoft Visual Studio Solution File, Format Version 12.00
# Visual Studio Version 17
VisualStudioVersion = 17.14.36301.6 d17.14
MinimumVisualStudioVersion = 10.0.40219.1
Project("{FAE04EC0-301F-11D3-BF4B-00C04F79EFBC}") = "Desktop", "Desktop\Desktop.csproj", "{F75F1028-F3C7-4FC3-A2B1-AB36E0CD087C}"
EndProject
Project("{FAE04EC0-301F-11D3-BF4B-00C04F79EFBC}") = "Core", "Core\Core.csproj", "{89D1DF18-3DFC-4C3F-A38C-61B034AA2D8D}"
EndProject
Project("{FAE04EC0-301F-11D3-BF4B-00C04F79EFBC}") = "Infrastructure", "Infrastructure\Infrastructure.csproj", "{235D1B3C-1C9D-4917-AA5A-6F246FBA1988}"
EndProject
Global
	GlobalSection(SolutionConfigurationPlatforms) = preSolution
		Debug|Any CPU = Debug|Any CPU
		Release|Any CPU = Release|Any CPU
	EndGlobalSection
	GlobalSection(ProjectConfigurationPlatforms) = postSolution
		{F75F1028-F3C7-4FC3-A2B1-AB36E0CD087C}.Debug|Any CPU.ActiveCfg = Debug|Any CPU
		{F75F1028-F3C7-4FC3-A2B1-AB36E0CD087C}.Debug|Any CPU.Build.0 = Debug|Any CPU
		{F75F1028-F3C7-4FC3-A2B1-AB36E0CD087C}.Release|Any CPU.ActiveCfg = Release|Any CPU
		{F75F1028-F3C7-4FC3-A2B1-AB36E0CD087C}.Release|Any CPU.Build.0 = Release|Any CPU
		{89D1DF18-3DFC-4C3F-A38C-61B034AA2D8D}.Debug|Any CPU.ActiveCfg = Debug|Any CPU
		{89D1DF18-3DFC-4C3F-A38C-61B034AA2D8D}.Debug|Any CPU.Build.0 = Debug|Any CPU
		{89D1DF18-3DFC-4C3F-A38C-61B034AA2D8D}.Release|Any CPU.ActiveCfg = Release|Any CPU
		{89D1DF18-3DFC-4C3F-A38C-61B034AA2D8D}.Release|Any CPU.Build.0 = Release|Any CPU
		{235D1B3C-1C9D-4917-AA5A-6F246FBA1988}.Debug|Any CPU.ActiveCfg = Debug|Any CPU
		{235D1B3C-1C9D-4917-AA5A-6F246FBA1988}.Debug|Any CPU.Build.0 = Debug|Any CPU
		{235D1B3C-1C9D-4917-AA5A-6F246FBA1988}.Release|Any CPU.ActiveCfg = Release|Any CPU
		{235D1B3C-1C9D-4917-AA5A-6F246FBA1988}.Release|Any CPU.Build.0 = Release|Any CPU
	EndGlobalSection
	GlobalSection(SolutionProperties) = preSolution
		HideSolutionNode = FALSE
	EndGlobalSection
	GlobalSection(ExtensibilityGlobals) = postSolution
		SolutionGuid = {1A663905-DA25-4800-87CF-6C535F7FB076}
	EndGlobalSection
EndGlobal
